
Microsoft Visual Studio Solution File, Format Version 12.00
# Visual Studio Version 17
VisualStudioVersion = 17.1.32210.238
MinimumVisualStudioVersion = 10.0.40219.1
Project("{9A19103F-16F7-4668-BE54-9A1E7A4F7556}") = "prueba.Server", "prueba\Server\prueba.Server.csproj", "{40B781EF-5B7C-4504-A33E-1190A70A8134}"
EndProject
Project("{9A19103F-16F7-4668-BE54-9A1E7A4F7556}") = "prueba.Client", "prueba\Client\prueba.Client.csproj", "{7D9E2D7D-8F50-4061-9ECA-33F614EF9154}"
EndProject
Project("{9A19103F-16F7-4668-BE54-9A1E7A4F7556}") = "prueba.Shared", "prueba\Shared\prueba.Shared.csproj", "{879D24F9-0AEC-4CCB-8241-A18FC3DDC744}"
EndProject
Global
	GlobalSection(SolutionConfigurationPlatforms) = preSolution
		Debug|Any CPU = Debug|Any CPU
		Release|Any CPU = Release|Any CPU
	EndGlobalSection
	GlobalSection(ProjectConfigurationPlatforms) = postSolution
		{40B781EF-5B7C-4504-A33E-1190A70A8134}.Debug|Any CPU.ActiveCfg = Debug|Any CPU
		{40B781EF-5B7C-4504-A33E-1190A70A8134}.Debug|Any CPU.Build.0 = Debug|Any CPU
		{40B781EF-5B7C-4504-A33E-1190A70A8134}.Release|Any CPU.ActiveCfg = Release|Any CPU
		{40B781EF-5B7C-4504-A33E-1190A70A8134}.Release|Any CPU.Build.0 = Release|Any CPU
		{7D9E2D7D-8F50-4061-9ECA-33F614EF9154}.Debug|Any CPU.ActiveCfg = Debug|Any CPU
		{7D9E2D7D-8F50-4061-9ECA-33F614EF9154}.Debug|Any CPU.Build.0 = Debug|Any CPU
		{7D9E2D7D-8F50-4061-9ECA-33F614EF9154}.Release|Any CPU.ActiveCfg = Release|Any CPU
		{7D9E2D7D-8F50-4061-9ECA-33F614EF9154}.Release|Any CPU.Build.0 = Release|Any CPU
		{879D24F9-0AEC-4CCB-8241-A18FC3DDC744}.Debug|Any CPU.ActiveCfg = Debug|Any CPU
		{879D24F9-0AEC-4CCB-8241-A18FC3DDC744}.Debug|Any CPU.Build.0 = Debug|Any CPU
		{879D24F9-0AEC-4CCB-8241-A18FC3DDC744}.Release|Any CPU.ActiveCfg = Release|Any CPU
		{879D24F9-0AEC-4CCB-8241-A18FC3DDC744}.Release|Any CPU.Build.0 = Release|Any CPU
	EndGlobalSection
	GlobalSection(SolutionProperties) = preSolution
		HideSolutionNode = FALSE
	EndGlobalSection
	GlobalSection(ExtensibilityGlobals) = postSolution
		SolutionGuid = {89F20C4B-DB62-4482-BCEF-BFCBFF763F2D}
	EndGlobalSection
EndGlobal
